// !$*UTF8*$!
{
	archiveVersion = 1;
	classes = {
	};
	objectVersion = 55;
	objects = {

/* Begin PBXBuildFile section */
		A7B47FA6279921F5002E900B /* AppDelegate.swift in Sources */ = {isa = PBXBuildFile; fileRef = A7B47FA5279921F5002E900B /* AppDelegate.swift */; };
		A7B47FA8279921F5002E900B /* SceneDelegate.swift in Sources */ = {isa = PBXBuildFile; fileRef = A7B47FA7279921F5002E900B /* SceneDelegate.swift */; };
		A7B47FAA279921F5002E900B /* MainVC.swift in Sources */ = {isa = PBXBuildFile; fileRef = A7B47FA9279921F5002E900B /* MainVC.swift */; };
		A7B47FAD279921F5002E900B /* Main.storyboard in Resources */ = {isa = PBXBuildFile; fileRef = A7B47FAB279921F5002E900B /* Main.storyboard */; };
		A7B47FAF279921F6002E900B /* Assets.xcassets in Resources */ = {isa = PBXBuildFile; fileRef = A7B47FAE279921F6002E900B /* Assets.xcassets */; };
		A7B47FB2279921F6002E900B /* LaunchScreen.storyboard in Resources */ = {isa = PBXBuildFile; fileRef = A7B47FB0279921F6002E900B /* LaunchScreen.storyboard */; };
		A7B47FBA279924BF002E900B /* NavigationVC.swift in Sources */ = {isa = PBXBuildFile; fileRef = A7B47FB9279924BF002E900B /* NavigationVC.swift */; };
		A7B47FC32799357A002E900B /* PHPicker.swift in Sources */ = {isa = PBXBuildFile; fileRef = A7B47FC22799357A002E900B /* PHPicker.swift */; };
		A7B47FC627993809002E900B /* PickerDelegate.swift in Sources */ = {isa = PBXBuildFile; fileRef = A7B47FC527993809002E900B /* PickerDelegate.swift */; };
/* End PBXBuildFile section */

/* Begin PBXFileReference section */
		A7B47FA2279921F5002E900B /* CoreImageSlider.app */ = {isa = PBXFileReference; explicitFileType = wrapper.application; includeInIndex = 0; path = CoreImageSlider.app; sourceTree = BUILT_PRODUCTS_DIR; };
		A7B47FA5279921F5002E900B /* AppDelegate.swift */ = {isa = PBXFileReference; lastKnownFileType = sourcecode.swift; path = AppDelegate.swift; sourceTree = "<group>"; };
		A7B47FA7279921F5002E900B /* SceneDelegate.swift */ = {isa = PBXFileReference; lastKnownFileType = sourcecode.swift; path = SceneDelegate.swift; sourceTree = "<group>"; };
		A7B47FA9279921F5002E900B /* MainVC.swift */ = {isa = PBXFileReference; lastKnownFileType = sourcecode.swift; path = MainVC.swift; sourceTree = "<group>"; };
		A7B47FAC279921F5002E900B /* Base */ = {isa = PBXFileReference; lastKnownFileType = file.storyboard; name = Base; path = Base.lproj/Main.storyboard; sourceTree = "<group>"; };
		A7B47FAE279921F6002E900B /* Assets.xcassets */ = {isa = PBXFileReference; lastKnownFileType = folder.assetcatalog; path = Assets.xcassets; sourceTree = "<group>"; };
		A7B47FB1279921F6002E900B /* Base */ = {isa = PBXFileReference; lastKnownFileType = file.storyboard; name = Base; path = Base.lproj/LaunchScreen.storyboard; sourceTree = "<group>"; };
		A7B47FB3279921F6002E900B /* Info.plist */ = {isa = PBXFileReference; lastKnownFileType = text.plist.xml; path = Info.plist; sourceTree = "<group>"; };
		A7B47FB9279924BF002E900B /* NavigationVC.swift */ = {isa = PBXFileReference; lastKnownFileType = sourcecode.swift; path = NavigationVC.swift; sourceTree = "<group>"; };
		A7B47FC22799357A002E900B /* PHPicker.swift */ = {isa = PBXFileReference; lastKnownFileType = sourcecode.swift; path = PHPicker.swift; sourceTree = "<group>"; };
		A7B47FC527993809002E900B /* PickerDelegate.swift */ = {isa = PBXFileReference; lastKnownFileType = sourcecode.swift; path = PickerDelegate.swift; sourceTree = "<group>"; };
/* End PBXFileReference section */

/* Begin PBXFrameworksBuildPhase section */
		A7B47F9F279921F5002E900B /* Frameworks */ = {
			isa = PBXFrameworksBuildPhase;
			buildActionMask = 2147483647;
			files = (
			);
			runOnlyForDeploymentPostprocessing = 0;
		};
/* End PBXFrameworksBuildPhase section */

/* Begin PBXGroup section */
		A7B47F99279921F5002E900B = {
			isa = PBXGroup;
			children = (
				A7B47FA4279921F5002E900B /* CoreImageSlider */,
				A7B47FA3279921F5002E900B /* Products */,
			);
			sourceTree = "<group>";
		};
		A7B47FA3279921F5002E900B /* Products */ = {
			isa = PBXGroup;
			children = (
				A7B47FA2279921F5002E900B /* CoreImageSlider.app */,
			);
			name = Products;
			sourceTree = "<group>";
		};
		A7B47FA4279921F5002E900B /* CoreImageSlider */ = {
			isa = PBXGroup;
			children = (
				A7B47FC4279937F3002E900B /* Delegates */,
				A7B47FA9279921F5002E900B /* MainVC.swift */,
				A7B47FC22799357A002E900B /* PHPicker.swift */,
				A7B47FB9279924BF002E900B /* NavigationVC.swift */,
				A7B47FAB279921F5002E900B /* Main.storyboard */,
				A7B47FAE279921F6002E900B /* Assets.xcassets */,
				A7B47FB0279921F6002E900B /* LaunchScreen.storyboard */,
				A7B47FB3279921F6002E900B /* Info.plist */,
			);
			path = CoreImageSlider;
			sourceTree = "<group>";
		};
		A7B47FC4279937F3002E900B /* Delegates */ = {
			isa = PBXGroup;
			children = (
				A7B47FA5279921F5002E900B /* AppDelegate.swift */,
				A7B47FA7279921F5002E900B /* SceneDelegate.swift */,
				A7B47FC527993809002E900B /* PickerDelegate.swift */,
			);
			path = Delegates;
			sourceTree = "<group>";
		};
/* End PBXGroup section */

/* Begin PBXNativeTarget section */
		A7B47FA1279921F5002E900B /* CoreImageSlider */ = {
			isa = PBXNativeTarget;
			buildConfigurationList = A7B47FB6279921F6002E900B /* Build configuration list for PBXNativeTarget "CoreImageSlider" */;
			buildPhases = (
				A7B47F9E279921F5002E900B /* Sources */,
				A7B47F9F279921F5002E900B /* Frameworks */,
				A7B47FA0279921F5002E900B /* Resources */,
			);
			buildRules = (
			);
			dependencies = (
			);
			name = CoreImageSlider;
			productName = CoreImageSlider;
			productReference = A7B47FA2279921F5002E900B /* CoreImageSlider.app */;
			productType = "com.apple.product-type.application";
		};
/* End PBXNativeTarget section */

/* Begin PBXProject section */
		A7B47F9A279921F5002E900B /* Project object */ = {
			isa = PBXProject;
			attributes = {
				BuildIndependentTargetsInParallel = 1;
				LastSwiftUpdateCheck = 1320;
				LastUpgradeCheck = 1320;
				TargetAttributes = {
					A7B47FA1279921F5002E900B = {
						CreatedOnToolsVersion = 13.2.1;
					};
				};
			};
			buildConfigurationList = A7B47F9D279921F5002E900B /* Build configuration list for PBXProject "CoreImageSlider" */;
			compatibilityVersion = "Xcode 13.0";
			developmentRegion = en;
			hasScannedForEncodings = 0;
			knownRegions = (
				en,
				Base,
			);
			mainGroup = A7B47F99279921F5002E900B;
			productRefGroup = A7B47FA3279921F5002E900B /* Products */;
			projectDirPath = "";
			projectRoot = "";
			targets = (
				A7B47FA1279921F5002E900B /* CoreImageSlider */,
			);
		};
/* End PBXProject section */

/* Begin PBXResourcesBuildPhase section */
		A7B47FA0279921F5002E900B /* Resources */ = {
			isa = PBXResourcesBuildPhase;
			buildActionMask = 2147483647;
			files = (
				A7B47FB2279921F6002E900B /* LaunchScreen.storyboard in Resources */,
				A7B47FAF279921F6002E900B /* Assets.xcassets in Resources */,
				A7B47FAD279921F5002E900B /* Main.storyboard in Resources */,
			);
			runOnlyForDeploymentPostprocessing = 0;
		};
/* End PBXResourcesBuildPhase section */

/* Begin PBXSourcesBuildPhase section */
		A7B47F9E279921F5002E900B /* Sources */ = {
			isa = PBXSourcesBuildPhase;
			buildActionMask = 2147483647;
			files = (
				A7B47FC627993809002E900B /* PickerDelegate.swift in Sources */,
				A7B47FAA279921F5002E900B /* MainVC.swift in Sources */,
				A7B47FA6279921F5002E900B /* AppDelegate.swift in Sources */,
				A7B47FBA279924BF002E900B /* NavigationVC.swift in Sources */,
				A7B47FA8279921F5002E900B /* SceneDelegate.swift in Sources */,
				A7B47FC32799357A002E900B /* PHPicker.swift in Sources */,
			);
			runOnlyForDeploymentPostprocessing = 0;
		};
/* End PBXSourcesBuildPhase section */

/* Begin PBXVariantGroup section */
		A7B47FAB279921F5002E900B /* Main.storyboard */ = {
			isa = PBXVariantGroup;
			children = (
				A7B47FAC279921F5002E900B /* Base */,
			);
			name = Main.storyboard;
			sourceTree = "<group>";
		};
		A7B47FB0279921F6002E900B /* LaunchScreen.storyboard */ = {
			isa = PBXVariantGroup;
			children = (
				A7B47FB1279921F6002E900B /* Base */,
			);
			name = LaunchScreen.storyboard;
			sourceTree = "<group>";
		};
/* End PBXVariantGroup section */

/* Begin XCBuildConfiguration section */
		A7B47FB4279921F6002E900B /* Debug */ = {
			isa = XCBuildConfiguration;
			buildSettings = {
				ALWAYS_SEARCH_USER_PATHS = NO;
				CLANG_ANALYZER_NONNULL = YES;
				CLANG_ANALYZER_NUMBER_OBJECT_CONVERSION = YES_AGGRESSIVE;
				CLANG_CXX_LANGUAGE_STANDARD = "gnu++17";
				CLANG_CXX_LIBRARY = "libc++";
				CLANG_ENABLE_MODULES = YES;
				CLANG_ENABLE_OBJC_ARC = YES;
				CLANG_ENABLE_OBJC_WEAK = YES;
				CLANG_WARN_BLOCK_CAPTURE_AUTORELEASING = YES;
				CLANG_WARN_BOOL_CONVERSION = YES;
				CLANG_WARN_COMMA = YES;
				CLANG_WARN_CONSTANT_CONVERSION = YES;
				CLANG_WARN_DEPRECATED_OBJC_IMPLEMENTATIONS = YES;
				CLANG_WARN_DIRECT_OBJC_ISA_USAGE = YES_ERROR;
				CLANG_WARN_DOCUMENTATION_COMMENTS = YES;
				CLANG_WARN_EMPTY_BODY = YES;
				CLANG_WARN_ENUM_CONVERSION = YES;
				CLANG_WARN_INFINITE_RECURSION = YES;
				CLANG_WARN_INT_CONVERSION = YES;
				CLANG_WARN_NON_LITERAL_NULL_CONVERSION = YES;
				CLANG_WARN_OBJC_IMPLICIT_RETAIN_SELF = YES;
				CLANG_WARN_OBJC_LITERAL_CONVERSION = YES;
				CLANG_WARN_OBJC_ROOT_CLASS = YES_ERROR;
				CLANG_WARN_QUOTED_INCLUDE_IN_FRAMEWORK_HEADER = YES;
				CLANG_WARN_RANGE_LOOP_ANALYSIS = YES;
				CLANG_WARN_STRICT_PROTOTYPES = YES;
				CLANG_WARN_SUSPICIOUS_MOVE = YES;
				CLANG_WARN_UNGUARDED_AVAILABILITY = YES_AGGRESSIVE;
				CLANG_WARN_UNREACHABLE_CODE = YES;
				CLANG_WARN__DUPLICATE_METHOD_MATCH = YES;
				COPY_PHASE_STRIP = NO;
				DEBUG_INFORMATION_FORMAT = dwarf;
				ENABLE_STRICT_OBJC_MSGSEND = YES;
				ENABLE_TESTABILITY = YES;
				GCC_C_LANGUAGE_STANDARD = gnu11;
				GCC_DYNAMIC_NO_PIC = NO;
				GCC_NO_COMMON_BLOCKS = YES;
				GCC_OPTIMIZATION_LEVEL = 0;
				GCC_PREPROCESSOR_DEFINITIONS = (
					"DEBUG=1",
					"$(inherited)",
				);
				GCC_WARN_64_TO_32_BIT_CONVERSION = YES;
				GCC_WARN_ABOUT_RETURN_TYPE = YES_ERROR;
				GCC_WARN_UNDECLARED_SELECTOR = YES;
				GCC_WARN_UNINITIALIZED_AUTOS = YES_AGGRESSIVE;
				GCC_WARN_UNUSED_FUNCTION = YES;
				GCC_WARN_UNUSED_VARIABLE = YES;
				IPHONEOS_DEPLOYMENT_TARGET = 15.2;
				MTL_ENABLE_DEBUG_INFO = INCLUDE_SOURCE;
				MTL_FAST_MATH = YES;
				ONLY_ACTIVE_ARCH = YES;
				SDKROOT = iphoneos;
				SWIFT_ACTIVE_COMPILATION_CONDITIONS = DEBUG;
				SWIFT_OPTIMIZATION_LEVEL = "-Onone";
			};
			name = Debug;
		};
		A7B47FB5279921F6002E900B /* Release */ = {
			isa = XCBuildConfiguration;
			buildSettings = {
				ALWAYS_SEARCH_USER_PATHS = NO;
				CLANG_ANALYZER_NONNULL = YES;
				CLANG_ANALYZER_NUMBER_OBJECT_CONVERSION = YES_AGGRESSIVE;
				CLANG_CXX_LANGUAGE_STANDARD = "gnu++17";
				CLANG_CXX_LIBRARY = "libc++";
				CLANG_ENABLE_MODULES = YES;
				CLANG_ENABLE_OBJC_ARC = YES;
				CLANG_ENABLE_OBJC_WEAK = YES;
				CLANG_WARN_BLOCK_CAPTURE_AUTORELEASING = YES;
				CLANG_WARN_BOOL_CONVERSION = YES;
				CLANG_WARN_COMMA = YES;
				CLANG_WARN_CONSTANT_CONVERSION = YES;
				CLANG_WARN_DEPRECATED_OBJC_IMPLEMENTATIONS = YES;
				CLANG_WARN_DIRECT_OBJC_ISA_USAGE = YES_ERROR;
				CLANG_WARN_DOCUMENTATION_COMMENTS = YES;
				CLANG_WARN_EMPTY_BODY = YES;
				CLANG_WARN_ENUM_CONVERSION = YES;
				CLANG_WARN_INFINITE_RECURSION = YES;
				CLANG_WARN_INT_CONVERSION = YES;
				CLANG_WARN_NON_LITERAL_NULL_CONVERSION = YES;
				CLANG_WARN_OBJC_IMPLICIT_RETAIN_SELF = YES;
				CLANG_WARN_OBJC_LITERAL_CONVERSION = YES;
				CLANG_WARN_OBJC_ROOT_CLASS = YES_ERROR;
				CLANG_WARN_QUOTED_INCLUDE_IN_FRAMEWORK_HEADER = YES;
				CLANG_WARN_RANGE_LOOP_ANALYSIS = YES;
				CLANG_WARN_STRICT_PROTOTYPES = YES;
				CLANG_WARN_SUSPICIOUS_MOVE = YES;
				CLANG_WARN_UNGUARDED_AVAILABILITY = YES_AGGRESSIVE;
				CLANG_WARN_UNREACHABLE_CODE = YES;
				CLANG_WARN__DUPLICATE_METHOD_MATCH = YES;
				COPY_PHASE_STRIP = NO;
				DEBUG_INFORMATION_FORMAT = "dwarf-with-dsym";
				ENABLE_NS_ASSERTIONS = NO;
				ENABLE_STRICT_OBJC_MSGSEND = YES;
				GCC_C_LANGUAGE_STANDARD = gnu11;
				GCC_NO_COMMON_BLOCKS = YES;
				GCC_WARN_64_TO_32_BIT_CONVERSION = YES;
				GCC_WARN_ABOUT_RETURN_TYPE = YES_ERROR;
				GCC_WARN_UNDECLARED_SELECTOR = YES;
				GCC_WARN_UNINITIALIZED_AUTOS = YES_AGGRESSIVE;
				GCC_WARN_UNUSED_FUNCTION = YES;
				GCC_WARN_UNUSED_VARIABLE = YES;
				IPHONEOS_DEPLOYMENT_TARGET = 15.2;
				MTL_ENABLE_DEBUG_INFO = NO;
				MTL_FAST_MATH = YES;
				SDKROOT = iphoneos;
				SWIFT_COMPILATION_MODE = wholemodule;
				SWIFT_OPTIMIZATION_LEVEL = "-O";
				VALIDATE_PRODUCT = YES;
			};
			name = Release;
		};
		A7B47FB7279921F6002E900B /* Debug */ = {
			isa = XCBuildConfiguration;
			buildSettings = {
				ASSETCATALOG_COMPILER_APPICON_NAME = AppIcon;
				ASSETCATALOG_COMPILER_GLOBAL_ACCENT_COLOR_NAME = AccentColor;
				CODE_SIGN_STYLE = Automatic;
				CURRENT_PROJECT_VERSION = 1;
				DEVELOPMENT_TEAM = M5AB5V73J2;
				GENERATE_INFOPLIST_FILE = YES;
				INFOPLIST_FILE = CoreImageSlider/Info.plist;
				INFOPLIST_KEY_UIApplicationSupportsIndirectInputEvents = YES;
				INFOPLIST_KEY_UILaunchStoryboardName = LaunchScreen;
				INFOPLIST_KEY_UISupportedInterfaceOrientations_iPad = "UIInterfaceOrientationPortrait UIInterfaceOrientationPortraitUpsideDown UIInterfaceOrientationLandscapeLeft UIInterfaceOrientationLandscapeRight";
				INFOPLIST_KEY_UISupportedInterfaceOrientations_iPhone = "UIInterfaceOrientationPortrait UIInterfaceOrientationLandscapeLeft UIInterfaceOrientationLandscapeRight";
				IPHONEOS_DEPLOYMENT_TARGET = 14.0;
				LD_RUNPATH_SEARCH_PATHS = (
					"$(inherited)",
					"@executable_path/Frameworks",
				);
				MARKETING_VERSION = 1.0;
				PRODUCT_BUNDLE_IDENTIFIER = net.estremadoyro.CoreImageSlider;
				PRODUCT_NAME = "$(TARGET_NAME)";
				SWIFT_EMIT_LOC_STRINGS = YES;
				SWIFT_VERSION = 5.0;
				TARGETED_DEVICE_FAMILY = 1;
			};
			name = Debug;
		};
		A7B47FB8279921F6002E900B /* Release */ = {
			isa = XCBuildConfiguration;
			buildSettings = {
				ASSETCATALOG_COMPILER_APPICON_NAME = AppIcon;
				ASSETCATALOG_COMPILER_GLOBAL_ACCENT_COLOR_NAME = AccentColor;
				CODE_SIGN_STYLE = Automatic;
				CURRENT_PROJECT_VERSION = 1;
				DEVELOPMENT_TEAM = M5AB5V73J2;
				GENERATE_INFOPLIST_FILE = YES;
				INFOPLIST_FILE = CoreImageSlider/Info.plist;
				INFOPLIST_KEY_UIApplicationSupportsIndirectInputEvents = YES;
				INFOPLIST_KEY_UILaunchStoryboardName = LaunchScreen;
				INFOPLIST_KEY_UISupportedInterfaceOrientations_iPad = "UIInterfaceOrientationPortrait UIInterfaceOrientationPortraitUpsideDown UIInterfaceOrientationLandscapeLeft UIInterfaceOrientationLandscapeRight";
				INFOPLIST_KEY_UISupportedInterfaceOrientations_iPhone = "UIInterfaceOrientationPortrait UIInterfaceOrientationLandscapeLeft UIInterfaceOrientationLandscapeRight";
				IPHONEOS_DEPLOYMENT_TARGET = 14.0;
				LD_RUNPATH_SEARCH_PATHS = (
					"$(inherited)",
					"@executable_path/Frameworks",
				);
				MARKETING_VERSION = 1.0;
				PRODUCT_BUNDLE_IDENTIFIER = net.estremadoyro.CoreImageSlider;
				PRODUCT_NAME = "$(TARGET_NAME)";
				SWIFT_EMIT_LOC_STRINGS = YES;
				SWIFT_VERSION = 5.0;
				TARGETED_DEVICE_FAMILY = 1;
			};
			name = Release;
		};
/* End XCBuildConfiguration section */

/* Begin XCConfigurationList section */
		A7B47F9D279921F5002E900B /* Build configuration list for PBXProject "CoreImageSlider" */ = {
			isa = XCConfigurationList;
			buildConfigurations = (
				A7B47FB4279921F6002E900B /* Debug */,
				A7B47FB5279921F6002E900B /* Release */,
			);
			defaultConfigurationIsVisible = 0;
			defaultConfigurationName = Release;
		};
		A7B47FB6279921F6002E900B /* Build configuration list for PBXNativeTarget "CoreImageSlider" */ = {
			isa = XCConfigurationList;
			buildConfigurations = (
				A7B47FB7279921F6002E900B /* Debug */,
				A7B47FB8279921F6002E900B /* Release */,
			);
			defaultConfigurationIsVisible = 0;
			defaultConfigurationName = Release;
		};
/* End XCConfigurationList section */
	};
	rootObject = A7B47F9A279921F5002E900B /* Project object */;
}
